
Microsoft Visual Studio Solution File, Format Version 12.00
# Visual Studio Version 17
VisualStudioVersion = 17.9.34616.47
MinimumVisualStudioVersion = 10.0.40219.1
Project("{FAE04EC0-301F-11D3-BF4B-00C04F79EFBC}") = "FinPractice 15.6.6", "FinPractice 15.6.6\FinPractice 15.6.6.csproj", "{F4FC5DD4-DE2A-49F9-A247-2B1C53CC6279}"
EndProject
Global
	GlobalSection(SolutionConfigurationPlatforms) = preSolution
		Debug|Any CPU = Debug|Any CPU
		Release|Any CPU = Release|Any CPU
	EndGlobalSection
	GlobalSection(ProjectConfigurationPlatforms) = postSolution
		{F4FC5DD4-DE2A-49F9-A247-2B1C53CC6279}.Debug|Any CPU.ActiveCfg = Debug|Any CPU
		{F4FC5DD4-DE2A-49F9-A247-2B1C53CC6279}.Debug|Any CPU.Build.0 = Debug|Any CPU
		{F4FC5DD4-DE2A-49F9-A247-2B1C53CC6279}.Release|Any CPU.ActiveCfg = Release|Any CPU
		{F4FC5DD4-DE2A-49F9-A247-2B1C53CC6279}.Release|Any CPU.Build.0 = Release|Any CPU
	EndGlobalSection
	GlobalSection(SolutionProperties) = preSolution
		HideSolutionNode = FALSE
	EndGlobalSection
	GlobalSection(ExtensibilityGlobals) = postSolution
		SolutionGuid = {F5627691-FBBF-4054-AB22-70AD8AFF90F5}
	EndGlobalSection
EndGlobal
